github.com/xianmin/hugo-theme-jane v0.0.0-20240227132550-6bef93b29e96 h1:Rg08odPOBiO3GqAwXxhvbfSrYwaIMe+YxV94Zo3fvJo=
github.com/xianmin/hugo-theme-jane v0.0.0-20240227132550-6bef93b29e96/go.mod h1:AnHzKUxKiyYUseJ3Ub67rwcXK5swym8dBPPA4ucyUhs=
github.com/xianmin/hugo-theme-jane v0.0.0-20241021073556-35c16043ca41 h1:4/tHJg6Do7jq0VnURziAg464wuOOvvMGdoalL/Mg/Jc=
github.com/xianmin/hugo-theme-jane v0.0.0-20241021073556-35c16043ca41/go.mod h1:04zjVhTvlaWLQlbqhS0xLLLz9WhEAVkcDMt/+IQRABY=
