github.com/hugomods/icons v0.6.4 h1:SeDMpN2kjc8mbuXfi8zED4IN5IGZmqJdmmUQr9tIpxw=
github.com/hugomods/icons v0.6.4/go.mod h1:cIkSvK6W0q6N4U6n9KGz+QfRWQXAW0INd+1P31gPNGg=
github.com/hugomods/icons/vendors/lucide v0.3.38 h1:Tgd7ukLN41MSEsYOHJfkHp9Uyn9zH3r8GqC5HycNAk4=
github.com/hugomods/icons/vendors/lucide v0.3.38/go.mod h1:SE34c2Z0QmYILU9gKRyU++s7Tra8datrpuVQaClX3so=
github.com/hugomods/icons/vendors/mdi v0.3.6 h1:CGMCi7aEHKBOYMdyKJF8FmEt1+9vV5Hvptp3qHY25Bo=
github.com/hugomods/icons/vendors/mdi v0.3.6/go.mod h1:XDQZ9k0Xmxy6Xh7idvjUkfb5DhDJmQPHCavlRHymSg8=
github.com/xianmin/hugo-theme-jane v0.0.0-20240227132550-6bef93b29e96 h1:Rg08odPOBiO3GqAwXxhvbfSrYwaIMe+YxV94Zo3fvJo=
github.com/xianmin/hugo-theme-jane v0.0.0-20240227132550-6bef93b29e96/go.mod h1:AnHzKUxKiyYUseJ3Ub67rwcXK5swym8dBPPA4ucyUhs=
