github.com/xianmin/hugo-theme-jane v0.0.0-20240227132550-6bef93b29e96 h1:Rg08odPOBiO3GqAwXxhvbfSrYwaIMe+YxV94Zo3fvJo=
github.com/xianmin/hugo-theme-jane v0.0.0-20240227132550-6bef93b29e96/go.mod h1:AnHzKUxKiyYUseJ3Ub67rwcXK5swym8dBPPA4ucyUhs=
github.com/xianmin/hugo-theme-jane v0.0.0-20241021073556-35c16043ca41 h1:4/tHJg6Do7jq0VnURziAg464wuOOvvMGdoalL/Mg/Jc=
github.com/xianmin/hugo-theme-jane v0.0.0-20241021073556-35c16043ca41/go.mod h1:04zjVhTvlaWLQlbqhS0xLLLz9WhEAVkcDMt/+IQRABY=
github.com/xianmin/hugo-theme-jane v0.0.0-20241103123550-1df18513d12d h1:15zi31ZH7FctK6QEMni7ONrN8uI4j8Y1N481ebtvknU=
github.com/xianmin/hugo-theme-jane v0.0.0-20241103123550-1df18513d12d/go.mod h1:04zjVhTvlaWLQlbqhS0xLLLz9WhEAVkcDMt/+IQRABY=
github.com/xianmin/hugo-theme-jane v0.0.0-20241108095356-36a587fc17d1 h1:zzVqTVXW8aCcu5aS/dSA+6sIPrzN0ffjBHBINVa3X+U=
github.com/xianmin/hugo-theme-jane v0.0.0-20241108095356-36a587fc17d1/go.mod h1:04zjVhTvlaWLQlbqhS0xLLLz9WhEAVkcDMt/+IQRABY=
github.com/xianmin/hugo-theme-jane v0.0.0-20241111012332-6e237ed462b2 h1:4Lp43msGZmrOfk/18sYKABsZvA7uzDp7x5eu2BBTceo=
github.com/xianmin/hugo-theme-jane v0.0.0-20241111012332-6e237ed462b2/go.mod h1:04zjVhTvlaWLQlbqhS0xLLLz9WhEAVkcDMt/+IQRABY=
